
Microsoft Visual Studio Solution File, Format Version 12.00
# Visual Studio Version 16
VisualStudioVersion = 16.0.35325.158
MinimumVisualStudioVersion = 10.0.40219.1
Project("{FAE04EC0-301F-11D3-BF4B-00C04F79EFBC}") = "GESTION SECURITE", "GESTION SECURITE\GESTION SECURITE.csproj", "{43BDB50D-45FB-4A88-ACA2-7D1D0858BB00}"
EndProject
Global
	GlobalSection(SolutionConfigurationPlatforms) = preSolution
		Debug|Any CPU = Debug|Any CPU
		Release|Any CPU = Release|Any CPU
	EndGlobalSection
	GlobalSection(ProjectConfigurationPlatforms) = postSolution
		{43BDB50D-45FB-4A88-ACA2-7D1D0858BB00}.Debug|Any CPU.ActiveCfg = Debug|Any CPU
		{43BDB50D-45FB-4A88-ACA2-7D1D0858BB00}.Debug|Any CPU.Build.0 = Debug|Any CPU
		{43BDB50D-45FB-4A88-ACA2-7D1D0858BB00}.Release|Any CPU.ActiveCfg = Release|Any CPU
		{43BDB50D-45FB-4A88-ACA2-7D1D0858BB00}.Release|Any CPU.Build.0 = Release|Any CPU
	EndGlobalSection
	GlobalSection(SolutionProperties) = preSolution
		HideSolutionNode = FALSE
	EndGlobalSection
	GlobalSection(ExtensibilityGlobals) = postSolution
		SolutionGuid = {E7DB56F2-A70D-4BDC-B675-EF057AA58B17}
	EndGlobalSection
EndGlobal
